<?xml version="1.0" encoding="utf-8"?>
<Project ToolsVersion="4.0" xmlns="http://schemas.microsoft.com/developer/msbuild/2003">
  <ItemGroup>
    <ClCompile Include="ScreenAddons.cpp">
      <Filter>include\extensions</Filter>
    </ClCompile>
    <ClCompile Include="BBHud.cpp">
      <Filter>source</Filter>
    </ClCompile>
    <ClCompile Include="CHudColoursNew.cpp">
      <Filter>source\render</Filter>
    </ClCompile>
    <ClCompile Include="CHudNew.cpp">
      <Filter>source\render</Filter>
    </ClCompile>
    <ClCompile Include="CProgressBar.cpp">
      <Filter>source\render</Filter>
    </ClCompile>
    <ClCompile Include="Settings.cpp">
      <Filter>source\settings</Filter>
    </ClCompile>
  </ItemGroup>
  <ItemGroup>
    <ClInclude Include="ScreenAddons.h">
      <Filter>include\extensions</Filter>
    </ClInclude>
    <ClInclude Include="BBHud.h">
      <Filter>source</Filter>
    </ClInclude>
    <ClInclude Include="CHudColoursNew.h">
      <Filter>source\render</Filter>
    </ClInclude>
    <ClInclude Include="CHudNew.h">
      <Filter>source\render</Filter>
    </ClInclude>
    <ClInclude Include="CProgressBar.h">
      <Filter>source\render</Filter>
    </ClInclude>
    <ClInclude Include="Settings.h">
      <Filter>source\settings</Filter>
    </ClInclude>
  </ItemGroup>
  <ItemGroup>
    <Filter Include="include">
      <UniqueIdentifier>{f4e33038-cecc-47b5-b1e7-ac9bbe6ff0b8}</UniqueIdentifier>
    </Filter>
    <Filter Include="include\extensions">
      <UniqueIdentifier>{bbb39287-6124-48e1-bd4c-a6cd9e9ae3ef}</UniqueIdentifier>
    </Filter>
    <Filter Include="source">
      <UniqueIdentifier>{d4249752-da38-4718-a974-94152b2509e2}</UniqueIdentifier>
    </Filter>
    <Filter Include="source\render">
      <UniqueIdentifier>{6e3f35e2-2a12-4d9f-884c-69c86fa2c542}</UniqueIdentifier>
    </Filter>
    <Filter Include="source\settings">
      <UniqueIdentifier>{1aa7e9f8-75fc-4052-ae22-39a5cea03c35}</UniqueIdentifier>
    </Filter>
    <Filter Include="resources">
      <UniqueIdentifier>{a2f6aae3-55e8-4e4d-844a-4d67964ee25e}</UniqueIdentifier>
    </Filter>
    <Filter Include="resources\data">
      <UniqueIdentifier>{abe5439f-0bf4-4778-bf73-eeecd139c66b}</UniqueIdentifier>
    </Filter>
  </ItemGroup>
  <ItemGroup>
    <None Include="hudColor.dat">
      <Filter>resources\data</Filter>
    </None>
  </ItemGroup>
</Project>